
Microsoft Visual Studio Solution File, Format Version 12.00
# Visual Studio Version 16
VisualStudioVersion = 16.0.30330.147
MinimumVisualStudioVersion = 10.0.40219.1
Project("{FAE04EC0-301F-11D3-BF4B-00C04F79EFBC}") = "LXY-Game", "LXY-Game\LXY-Game.csproj", "{224E88E5-E6EA-4221-BA70-C5FBFED84623}"
EndProject
Global
	GlobalSection(SolutionConfigurationPlatforms) = preSolution
		Debug|Any CPU = Debug|Any CPU
		Release|Any CPU = Release|Any CPU
	EndGlobalSection
	GlobalSection(ProjectConfigurationPlatforms) = postSolution
		{224E88E5-E6EA-4221-BA70-C5FBFED84623}.Debug|Any CPU.ActiveCfg = Debug|Any CPU
		{224E88E5-E6EA-4221-BA70-C5FBFED84623}.Debug|Any CPU.Build.0 = Debug|Any CPU
		{224E88E5-E6EA-4221-BA70-C5FBFED84623}.Release|Any CPU.ActiveCfg = Release|Any CPU
		{224E88E5-E6EA-4221-BA70-C5FBFED84623}.Release|Any CPU.Build.0 = Release|Any CPU
	EndGlobalSection
	GlobalSection(SolutionProperties) = preSolution
		HideSolutionNode = FALSE
	EndGlobalSection
	GlobalSection(ExtensibilityGlobals) = postSolution
		SolutionGuid = {D5D5DF8F-D0C5-43A7-BCF9-D0E1E109CD2C}
	EndGlobalSection
EndGlobal
